# generated by rye
# use `rye lock` or `rye sync` to update this lockfile
#
# last locked with the following flags:
#   pre: false
#   features: []
#   all-features: false
#   with-sources: false

-e file:.
attrs==23.2.0
    # via cattrs
    # via jsii
azure-common==1.1.28
    # via azure-mgmt-compute
    # via azure-mgmt-resource
azure-core==1.30.1
    # via azure-cosmos
    # via azure-identity
    # via azure-mgmt-core
azure-cosmos==4.7.0
    # via energy-dashboard-rye
azure-identity==1.16.0
    # via energy-dashboard-rye
azure-mgmt-compute==31.0.0
    # via energy-dashboard-rye
azure-mgmt-core==1.4.0
    # via azure-mgmt-compute
    # via azure-mgmt-resource
azure-mgmt-resource==23.1.1
    # via energy-dashboard-rye
cattrs==23.2.3
    # via jsii
cdktf==0.20.7
    # via energy-dashboard-rye
certifi==2024.2.2
    # via requests
cffi==1.16.0
    # via cryptography
charset-normalizer==3.3.2
    # via requests
constructs==10.3.0
    # via cdktf
cryptography==42.0.7
    # via azure-identity
    # via msal
    # via pyjwt
idna==3.7
    # via requests
importlib-resources==6.4.0
    # via jsii
isodate==0.6.1
    # via azure-mgmt-compute
    # via azure-mgmt-resource
jsii==1.98.0
    # via cdktf
    # via constructs
msal==1.28.0
    # via azure-identity
    # via msal-extensions
msal-extensions==1.1.0
    # via azure-identity
packaging==24.0
    # via msal-extensions
portalocker==2.8.2
    # via msal-extensions
publication==0.0.3
    # via cdktf
    # via constructs
    # via jsii
pycparser==2.22
    # via cffi
pyjwt==2.8.0
    # via msal
python-dateutil==2.9.0.post0
    # via jsii
python-dotenv==1.0.1
    # via energy-dashboard-rye
pywin32==306
    # via portalocker
requests==2.32.2
    # via azure-core
    # via msal
six==1.16.0
    # via azure-core
    # via isodate
    # via python-dateutil
typeguard==2.13.3
    # via cdktf
    # via constructs
    # via jsii
typing-extensions==4.12.0
    # via azure-core
    # via azure-cosmos
    # via jsii
urllib3==2.2.1
    # via requests
